
Microsoft Visual Studio Solution File, Format Version 12.00
# Visual Studio Version 17
VisualStudioVersion = 17.9.34622.214
MinimumVisualStudioVersion = 10.0.40219.1
Project("{FAE04EC0-301F-11D3-BF4B-00C04F79EFBC}") = "BulkeyWeb", "BulkeyWeb\BulkeyWeb.csproj", "{D730C002-3DF5-47A8-AFE3-827B7B4E73C1}"
EndProject
Global
	GlobalSection(SolutionConfigurationPlatforms) = preSolution
		Debug|Any CPU = Debug|Any CPU
		Release|Any CPU = Release|Any CPU
	EndGlobalSection
	GlobalSection(ProjectConfigurationPlatforms) = postSolution
		{D730C002-3DF5-47A8-AFE3-827B7B4E73C1}.Debug|Any CPU.ActiveCfg = Debug|Any CPU
		{D730C002-3DF5-47A8-AFE3-827B7B4E73C1}.Debug|Any CPU.Build.0 = Debug|Any CPU
		{D730C002-3DF5-47A8-AFE3-827B7B4E73C1}.Release|Any CPU.ActiveCfg = Release|Any CPU
		{D730C002-3DF5-47A8-AFE3-827B7B4E73C1}.Release|Any CPU.Build.0 = Release|Any CPU
	EndGlobalSection
	GlobalSection(SolutionProperties) = preSolution
		HideSolutionNode = FALSE
	EndGlobalSection
	GlobalSection(ExtensibilityGlobals) = postSolution
		SolutionGuid = {5449DE94-594C-437B-B2D3-F1FFBC9D68E2}
	EndGlobalSection
EndGlobal
